
Microsoft Visual Studio Solution File, Format Version 12.00
# Visual Studio Version 17
VisualStudioVersion = 17.11.35327.3
MinimumVisualStudioVersion = 10.0.40219.1
Project("{8BC9CEB8-8B4A-11D0-8D11-00A0C91BC942}") = "ConsoleApplication7", "ConsoleApplication7.vcxproj", "{B970A773-1DAA-4DC8-898F-AC752A2D88E3}"
EndProject
Global
	GlobalSection(SolutionConfigurationPlatforms) = preSolution
		Debug|x64 = Debug|x64
		Debug|x86 = Debug|x86
		Release|x64 = Release|x64
		Release|x86 = Release|x86
	EndGlobalSection
	GlobalSection(ProjectConfigurationPlatforms) = postSolution
		{B970A773-1DAA-4DC8-898F-AC752A2D88E3}.Debug|x64.ActiveCfg = Debug|x64
		{B970A773-1DAA-4DC8-898F-AC752A2D88E3}.Debug|x64.Build.0 = Debug|x64
		{B970A773-1DAA-4DC8-898F-AC752A2D88E3}.Debug|x86.ActiveCfg = Debug|Win32
		{B970A773-1DAA-4DC8-898F-AC752A2D88E3}.Debug|x86.Build.0 = Debug|Win32
		{B970A773-1DAA-4DC8-898F-AC752A2D88E3}.Release|x64.ActiveCfg = Release|x64
		{B970A773-1DAA-4DC8-898F-AC752A2D88E3}.Release|x64.Build.0 = Release|x64
		{B970A773-1DAA-4DC8-898F-AC752A2D88E3}.Release|x86.ActiveCfg = Release|Win32
		{B970A773-1DAA-4DC8-898F-AC752A2D88E3}.Release|x86.Build.0 = Release|Win32
	EndGlobalSection
	GlobalSection(SolutionProperties) = preSolution
		HideSolutionNode = FALSE
	EndGlobalSection
	GlobalSection(ExtensibilityGlobals) = postSolution
		SolutionGuid = {AE17D356-6F0E-472A-8A59-DF4C0E38EC1A}
	EndGlobalSection
EndGlobal
